
{
    archiveVersion = 1;
    classes = 
    {};
    objectVersion = 42;
    objects = 
    {
        000000000000000000000001 = 
        {
            isa = PBXFileReference;
            lastKnownFileType = sourcecode.java;
            name = iPodListPage.java;
            path = Sources/com/webobjects/directtoiphone/ipodlook/iPodListPage.java;
            sourceTree = "<group>";
        };
        000000000000000000000002 = 
        {
            isa = PBXFileReference;
            lastKnownFileType = sourcecode.java;
            name = PageTemplate.java;
            path = Sources/com/webobjects/directtoiphone/ipodlook/PageTemplate.java;
            sourceTree = "<group>";
        };
        000000000000000000000003 = 
        {
            isa = PBXFileReference;
            lastKnownFileType = sourcecode.java;
            name = MenuItem.java;
            path = Sources/com/webobjects/directtoiphone/ipodlook/MenuItem.java;
            sourceTree = "<group>";
        };
        000000000000000000000004 = 
        {
            isa = PBXFileReference;
            lastKnownFileType = sourcecode.java;
            name = WOTruncatedString.java;
            path = Sources/WOTruncatedString.java;
            sourceTree = "<group>";
        };
        000000000000000000000005 = 
        {
            isa = PBXFileReference;
            lastKnownFileType = sourcecode.java;
            name = d2w.d2wmodel.txt;
            path = Resources/d2w.d2wmodel.txt;
            sourceTree = "<group>";
        };
        000000000000000000000006 = 
        {
            isa = PBXFileReference;
            lastKnownFileType = sourcecode.java;
            name = d2w.d2wmodel;
            path = Resources/d2w.d2wmodel;
            sourceTree = "<group>";
        };
        000000000000000000000007 = 
        {
            isa = PBXFileReference;
            lastKnownFileType = sourcecode.java;
            name = Properties;
            path = Resources/Properties;
            sourceTree = "<group>";
        };
        000000000000000000000008 = 
        {
            isa = PBXFileReference;
            lastKnownFileType = sourcecode.java;
            name = iPodListPage.api;
            path = Components/iPodListPage.api;
            sourceTree = "<group>";
        };
        000000000000000000000009 = 
        {
            isa = PBXFileReference;
            lastKnownFileType = sourcecode.java;
            name = WOTruncatedString.api;
            path = Components/WOTruncatedString.api;
            sourceTree = "<group>";
        };
        00000000000000000000000a = 
        {
            isa = PBXFileReference;
            lastKnownFileType = sourcecode.java;
            name = PageTemplate.api;
            path = Components/PageTemplate.api;
            sourceTree = "<group>";
        };
        00000000000000000000000b = 
        {
            isa = PBXFileReference;
            lastKnownFileType = sourcecode.java;
            name = MenuItem.api;
            path = Components/MenuItem.api;
            sourceTree = "<group>";
        };
        00000000000000000000000c = 
        {
            isa = PBXFileReference;
            lastKnownFileType = wrapper.framework;
            name = DirectToiPhone.framework;
            path = /Users/ravi/Documents/Workspace/svgobjects2/Frameworks/DirectToiPhone/build/DirectToiPhone.framework;
            sourceTree = "<absolute>";
        };
        00000000000000000000000d = 
        {
            isa = PBXFileReference;
            lastKnownFileType = wrapper.framework;
            name = JavaDirectToWeb.framework;
            path = /System/Library/Frameworks/JavaDirectToWeb.framework;
            sourceTree = "<absolute>";
        };
        00000000000000000000000e = 
        {
            isa = PBXFileReference;
            lastKnownFileType = wrapper.framework;
            name = JavaDTWGeneration.framework;
            path = /System/Library/Frameworks/JavaDTWGeneration.framework;
            sourceTree = "<absolute>";
        };
        00000000000000000000000f = 
        {
            isa = PBXFileReference;
            lastKnownFileType = wrapper.framework;
            name = JavaEOAccess.framework;
            path = /System/Library/Frameworks/JavaEOAccess.framework;
            sourceTree = "<absolute>";
        };
        000000000000000000000010 = 
        {
            isa = PBXFileReference;
            lastKnownFileType = wrapper.framework;
            name = JavaEOControl.framework;
            path = /System/Library/Frameworks/JavaEOControl.framework;
            sourceTree = "<absolute>";
        };
        000000000000000000000011 = 
        {
            isa = PBXFileReference;
            lastKnownFileType = wrapper.framework;
            name = JavaFoundation.framework;
            path = /System/Library/Frameworks/JavaFoundation.framework;
            sourceTree = "<absolute>";
        };
        000000000000000000000012 = 
        {
            isa = PBXFileReference;
            lastKnownFileType = wrapper.framework;
            name = JavaJDBCAdaptor.framework;
            path = /System/Library/Frameworks/JavaJDBCAdaptor.framework;
            sourceTree = "<absolute>";
        };
        000000000000000000000013 = 
        {
            isa = PBXFileReference;
            lastKnownFileType = wrapper.framework;
            name = JavaWebObjects.framework;
            path = /System/Library/Frameworks/JavaWebObjects.framework;
            sourceTree = "<absolute>";
        };
        000000000000000000000014 = 
        {
            isa = PBXFileReference;
            lastKnownFileType = wrapper.framework;
            name = JavaXML.framework;
            path = /System/Library/Frameworks/JavaXML.framework;
            sourceTree = "<absolute>";
        };
        000000000000000000000015 = 
        {
            children = 
            (
               000000000000000000000001, 
               000000000000000000000002, 
               000000000000000000000003, 
               000000000000000000000004
            );
            isa = PBXGroup;
            name = Sources;
            sourceTree = "<group>";
        };
        000000000000000000000016 = 
        {
            children = 
            (
               000000000000000000000005, 
               000000000000000000000006, 
               000000000000000000000007, 
               000000000000000000000008, 
               000000000000000000000009, 
               00000000000000000000000a, 
               00000000000000000000000b
            );
            isa = PBXGroup;
            name = Resources;
            sourceTree = "<group>";
        };
        000000000000000000000017 = 
        {
            children = 
            ();
            isa = PBXGroup;
            name = "Web Server";
            sourceTree = "<group>";
        };
        000000000000000000000018 = 
        {
            children = 
            (
               00000000000000000000000c, 
               00000000000000000000000d, 
               00000000000000000000000e, 
               00000000000000000000000f, 
               000000000000000000000010, 
               000000000000000000000011, 
               000000000000000000000012, 
               000000000000000000000013, 
               000000000000000000000014
            );
            isa = PBXGroup;
            name = Frameworks;
            sourceTree = "<group>";
        };
        000000000000000000000019 = 
        {
            children = 
            (
               000000000000000000000015, 
               000000000000000000000016, 
               000000000000000000000017, 
               000000000000000000000018
            );
            isa = PBXGroup;
            name = Root;
            sourceTree = "<group>";
        };
        00000000000000000000001a = 
        {
            fileRef = 000000000000000000000001;
            isa = PBXBuildFile;
        };
        00000000000000000000001b = 
        {
            fileRef = 000000000000000000000002;
            isa = PBXBuildFile;
        };
        00000000000000000000001c = 
        {
            fileRef = 000000000000000000000003;
            isa = PBXBuildFile;
        };
        00000000000000000000001d = 
        {
            fileRef = 000000000000000000000004;
            isa = PBXBuildFile;
        };
        00000000000000000000001e = 
        {
            files = 
            (
               00000000000000000000001a, 
               00000000000000000000001b, 
               00000000000000000000001c, 
               00000000000000000000001d
            );
            isa = PBXSourcesBuildPhase;
        };
        00000000000000000000001f = 
        {
            fileRef = 000000000000000000000005;
            isa = PBXBuildFile;
        };
        000000000000000000000020 = 
        {
            fileRef = 000000000000000000000006;
            isa = PBXBuildFile;
        };
        000000000000000000000021 = 
        {
            fileRef = 000000000000000000000007;
            isa = PBXBuildFile;
        };
        000000000000000000000022 = 
        {
            fileRef = 000000000000000000000008;
            isa = PBXBuildFile;
        };
        000000000000000000000023 = 
        {
            fileRef = 000000000000000000000009;
            isa = PBXBuildFile;
        };
        000000000000000000000024 = 
        {
            fileRef = 00000000000000000000000a;
            isa = PBXBuildFile;
        };
        000000000000000000000025 = 
        {
            fileRef = 00000000000000000000000b;
            isa = PBXBuildFile;
        };
        000000000000000000000026 = 
        {
            files = 
            (
               00000000000000000000001f, 
               000000000000000000000020, 
               000000000000000000000021, 
               000000000000000000000022, 
               000000000000000000000023, 
               000000000000000000000024, 
               000000000000000000000025
            );
            isa = PBXResourcesBuildPhase;
        };
        000000000000000000000027 = 
        {
            files = 
            ();
            isa = PBXResourcesBuildPhase;
        };
        000000000000000000000028 = 
        {
            fileRef = 00000000000000000000000c;
            isa = PBXBuildFile;
        };
        000000000000000000000029 = 
        {
            fileRef = 00000000000000000000000d;
            isa = PBXBuildFile;
        };
        00000000000000000000002a = 
        {
            fileRef = 00000000000000000000000e;
            isa = PBXBuildFile;
        };
        00000000000000000000002b = 
        {
            fileRef = 00000000000000000000000f;
            isa = PBXBuildFile;
        };
        00000000000000000000002c = 
        {
            fileRef = 000000000000000000000010;
            isa = PBXBuildFile;
        };
        00000000000000000000002d = 
        {
            fileRef = 000000000000000000000011;
            isa = PBXBuildFile;
        };
        00000000000000000000002e = 
        {
            fileRef = 000000000000000000000012;
            isa = PBXBuildFile;
        };
        00000000000000000000002f = 
        {
            fileRef = 000000000000000000000013;
            isa = PBXBuildFile;
        };
        000000000000000000000030 = 
        {
            fileRef = 000000000000000000000014;
            isa = PBXBuildFile;
        };
        000000000000000000000031 = 
        {
            files = 
            (
               000000000000000000000028, 
               000000000000000000000029, 
               00000000000000000000002a, 
               00000000000000000000002b, 
               00000000000000000000002c, 
               00000000000000000000002d, 
               00000000000000000000002e, 
               00000000000000000000002f, 
               000000000000000000000030
            );
            isa = PBXFrameworksBuildPhase;
        };
        000000000000000000000032 = 
        {
            files = 
            ();
            isa = PBXSourcesBuildPhase;
        };
        000000000000000000000033 = 
        {
            files = 
            ();
            isa = PBXResourcesBuildPhase;
        };
        000000000000000000000034 = 
        {
            files = 
            ();
            isa = PBXResourcesBuildPhase;
        };
        000000000000000000000035 = 
        {
            files = 
            ();
            isa = PBXFrameworksBuildPhase;
        };
        000000000000000000000036 = 
        {
            buildSettings = 
            {
                COPY_PHASE_STRIP = NO;
            };
            isa = XCBuildConfiguration;
            name = Debug;
        };
        000000000000000000000037 = 
        {
            buildSettings = 
            {
                COPY_PHASE_STRIP = YES;
            };
            isa = XCBuildConfiguration;
            name = Release;
        };
        000000000000000000000038 = 
        {
            buildSettings = 
            {};
            isa = XCBuildConfiguration;
            name = Default;
        };
        000000000000000000000039 = 
        {
            buildConfigurations = 
            (
               000000000000000000000036, 
               000000000000000000000037, 
               000000000000000000000038
            );
            defaultConfigurationIsVisible = 0;
            defaultConfigurationName = Default;
            isa = XCConfigurationList;
        };
        00000000000000000000003a = 
        {
            files = 
            ();
            isa = PBXSourcesBuildPhase;
        };
        00000000000000000000003b = 
        {
            files = 
            ();
            isa = PBXResourcesBuildPhase;
        };
        00000000000000000000003c = 
        {
            files = 
            ();
            isa = PBXResourcesBuildPhase;
        };
        00000000000000000000003d = 
        {
            files = 
            ();
            isa = PBXFrameworksBuildPhase;
        };
        00000000000000000000003e = 
        {
            buildPhases = 
            (
               00000000000000000000001e, 
               000000000000000000000026, 
               000000000000000000000027, 
               000000000000000000000031
            );
            buildSettings = 
            {};
            isa = PBXToolTarget;
            name = "Application Server";
        };
        00000000000000000000003f = 
        {
            buildArgumentsString = "-emacs $(ACTION)";
            buildConfigurationList = 000000000000000000000039;
            buildPhases = 
            (
               000000000000000000000032, 
               000000000000000000000033, 
               000000000000000000000034, 
               000000000000000000000035
            );
            buildSettings = 
            {};
            buildToolPath = /Developer/Java/Ant/bin/ant;
            isa = PBXLegacyTarget;
            name = Ant;
            passBuildSettingsInEnvironment = 1;
            productName = Ant;
        };
        000000000000000000000040 = 
        {
            buildPhases = 
            (
               00000000000000000000003a, 
               00000000000000000000003b, 
               00000000000000000000003c, 
               00000000000000000000003d
            );
            buildSettings = 
            {};
            isa = PBXToolTarget;
            name = "Web Server";
        };
        000000000000000000000041 = 
        {
            buildSettings = 
            {};
            isa = XCBuildConfiguration;
            name = Debug;
        };
        000000000000000000000042 = 
        {
            buildSettings = 
            {};
            isa = XCBuildConfiguration;
            name = Release;
        };
        000000000000000000000043 = 
        {
            buildSettings = 
            {};
            isa = XCBuildConfiguration;
            name = Default;
        };
        000000000000000000000044 = 
        {
            buildConfigurations = 
            (
               000000000000000000000041, 
               000000000000000000000042, 
               000000000000000000000043
            );
            defaultConfigurationIsVisible = 0;
            defaultConfigurationName = Default;
            isa = XCConfigurationList;
        };
        000000000000000000000045 = 
        {
            buildSettings = 
            {
                COPY_PHASE_STRIP = NO;
            };
            isa = PBXBuildStyle;
            name = Debug;
        };
        000000000000000000000046 = 
        {
            buildSettings = 
            {
                COPY_PHASE_STRIP = YES;
            };
            isa = PBXBuildStyle;
            name = Release;
        };
        000000000000000000000047 = 
        {
            buildConfigurationList = 000000000000000000000044;
            buildSettings = 
            {};
            buildStyles = 
            (
               000000000000000000000045, 
               000000000000000000000046
            );
            hasScannedForEncodings = 1;
            isa = PBXProject;
            mainGroup = 000000000000000000000019;
            projectDirPath = .;
            targets = 
            (
               00000000000000000000003e, 
               00000000000000000000003f, 
               000000000000000000000040
            );
        };
    };
    rootObject = 000000000000000000000047;
}